# Gepinnte Referenzen dieses Setups. Nur Versionen, die das Verhalten bestimmen.
# Der jeweils beobachtete Hoststand (Kernel, Pakete, Treiber) steht nach
# ./scripts/00-preflight.sh in state/preflight-report.txt und state/host-facts.txt.
# Keine Zugangsdaten in dieser Datei.
pennyroyal: v2.5.3
pennyroyal_image: ghcr.io/jpezzulli/sglang-rtxpro6000:v2.5.3
pennyroyal_image_digest: sha256:c36a326dcb6a99e12ffdc89ae2f2ca0365a02fb3c72ed8b18f88d63cdc7f5a8c
model_id: RadixArk/Qwen3.8-Flash-Next-NVFP4
model_revision: 7b719225242aacd3dbd3f9407468c2ee9a9d2594
model_context_length: 524288
sglang_profile: FR-Spec (NextN spekulativ, NVFP4, fp8 KV, TP1)
litellm: v1.101.0
open_webui: v0.11.4
postgres: 16.4
prometheus: v3.5.0
node_exporter: v1.8.2
nvidia_gpu_exporter: 1.4.0
grafana: 12.1.1
loki: 3.5.2
alloy: v1.10.2
dozzle: v8.14.7
homepage: v2.4.0
komodo_periphery: 2.3.3
autossh_base_image: docker.io/library/alpine:3.20
docs_tooling: mkdocs-material==9.6.18
gpu_model: NVIDIA RTX PRO 6000 Blackwell Workstation Edition
driver_family: nvidia-open-dkms (siehe state/host-facts.txt fuer die exakte Version)
